github.com/clipperhouse/uax29/v2 v2.2.0 h1:ChwIKnQN3kcZteTXMgb1wztSgaU+ZemkgWdohwgs8tY=
github.com/clipperhouse/uax29/v2 v2.2.0/go.mod h1:EFJ2TJMRUaplDxHKj1qAEhCtQPW2tJSwu5BF98AuoVM=
github.com/creack/pty v1.1.9/go.mod h1:oKZEueFk5CKHvIhNR5MUki03XCEU+Q6VDXinZuGJ33E=
github.com/digitorus/pdf v0.1.2 h1:RjYEJNbiV6Kcn8QzRi6pwHuOaSieUUrg4EZo4b7KuIQ=
github.com/digitorus/pdf v0.1.2/go.mod h1:05fDDJhPswBRM7GTfqCxNiDyeNcN0f+IobfOAl5pdXw=
github.com/digitorus/pdfsign v0.0.0-20250819064552-5f74f69dda1d h1:jZ3NWVBR/fNaR9HuU5kLUqN5fkFV0qUODHzDtVY750M=
github.com/digitorus/pdfsign v0.0.0-20250819064552-5f74f69dda1d/go.mod h1:DB8QAPGf6k9f8/iBFPTDYn1Crv+LqfBQcLrhVwQN7y8=
github.com/digitorus/pkcs7 v0.0.0-20230713084857-e76b763bdc49/go.mod h1:SKVExuS+vpu2l9IoOc0RwqE7NYnb0JlcFHFnEJkVDzc=
github.com/digitorus/pkcs7 v0.0.0-20230818184609-3a137a874352 h1:ge14PCmCvPjpMQMIAH7uKg0lrtNSOdpYsRXlwk3QbaE=
github.com/digitorus/pkcs7 v0.0.0-20230818184609-3a137a874352/go.mod h1:SKVExuS+vpu2l9IoOc0RwqE7NYnb0JlcFHFnEJkVDzc=
github.com/digitorus/timestamp v0.0.0-20231217203849-220c5c2851b7 h1:lxmTCgmHE1GUYL7P0MlNa00M67axePTq+9nBSGddR8I=
github.com/digitorus/timestamp v0.0.0-20231217203849-220c5c2851b7/go.mod h1:GvWntX9qiTlOud0WkQ6ewFm0LPy5JUR1Xo0Ngbd1w6Y=
github.com/hhrutter/lzw v1.0.0 h1:laL89Llp86W3rRs83LvKbwYRx6INE8gDn0XNb1oXtm0=
github.com/hhrutter/lzw v1.0.0/go.mod h1:2HC6DJSn/n6iAZfgM3Pg+cP1KxeWc3ezG8bBqW5+WEo=
github.com/hhrutter/pkcs7 v0.2.0 h1:i4HN2XMbGQpZRnKBLsUwO3dSckzgX142TNqY/KfXg+I=
github.com/hhrutter/pkcs7 v0.2.0/go.mod h1:aEzKz0+ZAlz7YaEMY47jDHL14hVWD6iXt0AgqgAvWgE=
github.com/hhrutter/tiff v1.0.2 h1:7H3FQQpKu/i5WaSChoD1nnJbGx4MxU5TlNqqpxw55z8=
github.com/hhrutter/tiff v1.0.2/go.mod h1:pcOeuK5loFUE7Y/WnzGw20YxUdnqjY1P0Jlcieb/cCw=
github.com/kr/pretty v0.1.0 h1:L/CwN0zerZDmRFUapSPitk6f+Q3+0za1rQkzVuMiMFI=
github.com/kr/pretty v0.1.0/go.mod h1:dAy3ld7l9f0ibDNOQOHHMYYIIbhfbHSm3C4ZsoJORNo=
github.com/kr/pty v1.1.1/go.mod h1:pFQYn66WHrOpPYNljwOMqo10TkYh1fy3cYio2l3bCsQ=
github.com/kr/text v0.1.0/go.mod h1:4Jbv+DJW3UT/LiOwJeYQe1efqtUx/iVham/4vfdArNI=
github.com/kr/text v0.2.0 h1:5Nx0Ya0ZqY2ygV366QzturHI13Jq95ApcVaJBhpS+AY=
github.com/kr/text v0.2.0/go.mod h1:eLer722TekiGuMkidMxC/pM04lWEeraHUUmBw8l2grE=
github.com/mattetti/filebuffer v1.0.1 h1:gG7pyfnSIZCxdoKq+cPa8T0hhYtD9NxCdI4D7PTjRLM=
github.com/mattetti/filebuffer v1.0.1/go.mod h1:YdMURNDOttIiruleeVr6f56OrMc+MydEnTcXwtkxNVs=
github.com/mattn/go-runewidth v0.0.19 h1:v++JhqYnZuu5jSKrk9RbgF5v4CGUjqRfBm05byFGLdw=
github.com/mattn/go-runewidth v0.0.19/go.mod h1:XBkDxAl56ILZc9knddidhrOlY5R/pDhgLpndooCuJAs=
github.com/pdfcpu/pdfcpu v0.11.1 h1:htHBSkGH5jMKWC6e0sihBFbcKZ8vG1M67c8/dJxhjas=
github.com/pdfcpu/pdfcpu v0.11.1/go.mod h1:pP3aGga7pRvwFWAm9WwFvo+V68DfANi9kxSQYioNYcw=
github.com/pkg/errors v0.9.1 h1:FEBLx1zS214owpjy7qsBeixbURkuhQAwrK5UwLGTwt4=
github.com/pkg/errors v0.9.1/go.mod h1:bwawxfHBFNV+L2hUp1rHADufV3IMtnDRdf1r5NINEl0=
golang.org/x/crypto v0.43.0 h1:dduJYIi3A3KOfdGOHX8AVZ/jGiyPa3IbBozJ5kNuE04=
golang.org/x/crypto v0.43.0/go.mod h1:BFbav4mRNlXJL4wNeejLpWxB7wMbc79PdRGhWKncxR0=
golang.org/x/image v0.32.0 h1:6lZQWq75h7L5IWNk0r+SCpUJ6tUVd3v4ZHnbRKLkUDQ=
golang.org/x/image v0.32.0/go.mod h1:/R37rrQmKXtO6tYXAjtDLwQgFLHmhW+V6ayXlxzP2Pc=
golang.org/x/text v0.30.0 h1:yznKA/E9zq54KzlzBEAWn1NXSQ8DIp/NYMy88xJjl4k=
golang.org/x/text v0.30.0/go.mod h1:yDdHFIX9t+tORqspjENWgzaCVXgk0yYnYuSZ8UzzBVM=
gopkg.in/check.v1 v0.0.0-20161208181325-20d25e280405/go.mod h1:Co6ibVJAznAaIkqp8huTwlJQCZ016jof/cbN4VW5Yz0=
gopkg.in/check.v1 v1.0.0-20180628173108-788fd7840127 h1:qIbj1fsPNlZgppZ+VLlY7N33q108Sa+fhmuc+sWQYwY=
gopkg.in/check.v1 v1.0.0-20180628173108-788fd7840127/go.mod h1:Co6ibVJAznAaIkqp8huTwlJQCZ016jof/cbN4VW5Yz0=
gopkg.in/yaml.v2 v2.4.0 h1:D8xgwECY7CYvx+Y2n4sBz93Jn9JRvxdiyyo8CTfuKaY=
gopkg.in/yaml.v2 v2.4.0/go.mod h1:RDklbk79AGWmwhnvt/jBztapEOGDOx6ZbXqjP6csGnQ=
